// !$*UTF8*$!
{
	archiveVersion = 1;
	classes = {
	};
	objectVersion = 56;
	objects = {

/* Begin PBXBuildFile section */
		10F91D192B64192C001B8FB1 /* TestSearchApp.swift in Sources */ = {isa = PBXBuildFile; fileRef = 10F91D182B64192C001B8FB1 /* TestSearchApp.swift */; };
		10F91D1B2B64192C001B8FB1 /* FlickrView.swift in Sources */ = {isa = PBXBuildFile; fileRef = 10F91D1A2B64192C001B8FB1 /* FlickrView.swift */; };
		10F91D1D2B64192E001B8FB1 /* Assets.xcassets in Resources */ = {isa = PBXBuildFile; fileRef = 10F91D1C2B64192E001B8FB1 /* Assets.xcassets */; };
		10F91D202B64192E001B8FB1 /* Preview Assets.xcassets in Resources */ = {isa = PBXBuildFile; fileRef = 10F91D1F2B64192E001B8FB1 /* Preview Assets.xcassets */; };
		10F91D2A2B64192F001B8FB1 /* TestSearchTests.swift in Sources */ = {isa = PBXBuildFile; fileRef = 10F91D292B64192F001B8FB1 /* TestSearchTests.swift */; };
		10F91D342B64192F001B8FB1 /* TestSearchUITests.swift in Sources */ = {isa = PBXBuildFile; fileRef = 10F91D332B64192F001B8FB1 /* TestSearchUITests.swift */; };
		10F91D362B64192F001B8FB1 /* TestSearchUITestsLaunchTests.swift in Sources */ = {isa = PBXBuildFile; fileRef = 10F91D352B64192F001B8FB1 /* TestSearchUITestsLaunchTests.swift */; };
		10F91D452B6419B4001B8FB1 /* FlickrModel.swift in Sources */ = {isa = PBXBuildFile; fileRef = 10F91D442B6419B3001B8FB1 /* FlickrModel.swift */; };
		10F91D482B641A2A001B8FB1 /* FlickrViewModel.swift in Sources */ = {isa = PBXBuildFile; fileRef = 10F91D472B641A2A001B8FB1 /* FlickrViewModel.swift */; };
		10F91D4B2B641E1E001B8FB1 /* DataProvider.swift in Sources */ = {isa = PBXBuildFile; fileRef = 10F91D4A2B641E1E001B8FB1 /* DataProvider.swift */; };
		10F91D4E2B6429D4001B8FB1 /* ImageCache.swift in Sources */ = {isa = PBXBuildFile; fileRef = 10F91D4D2B6429D4001B8FB1 /* ImageCache.swift */; };
		10F91D512B643DFD001B8FB1 /* Enviroments.swift in Sources */ = {isa = PBXBuildFile; fileRef = 10F91D502B643DFD001B8FB1 /* Enviroments.swift */; };
/* End PBXBuildFile section */

/* Begin PBXContainerItemProxy section */
		10F91D262B64192F001B8FB1 /* PBXContainerItemProxy */ = {
			isa = PBXContainerItemProxy;
			containerPortal = 10F91D0D2B64192C001B8FB1 /* Project object */;
			proxyType = 1;
			remoteGlobalIDString = 10F91D142B64192C001B8FB1;
			remoteInfo = TestSearch;
		};
		10F91D302B64192F001B8FB1 /* PBXContainerItemProxy */ = {
			isa = PBXContainerItemProxy;
			containerPortal = 10F91D0D2B64192C001B8FB1 /* Project object */;
			proxyType = 1;
			remoteGlobalIDString = 10F91D142B64192C001B8FB1;
			remoteInfo = TestSearch;
		};
/* End PBXContainerItemProxy section */

/* Begin PBXFileReference section */
		10F91D152B64192C001B8FB1 /* TestSearch.app */ = {isa = PBXFileReference; explicitFileType = wrapper.application; includeInIndex = 0; path = TestSearch.app; sourceTree = BUILT_PRODUCTS_DIR; };
		10F91D182B64192C001B8FB1 /* TestSearchApp.swift */ = {isa = PBXFileReference; lastKnownFileType = sourcecode.swift; path = TestSearchApp.swift; sourceTree = "<group>"; };
		10F91D1A2B64192C001B8FB1 /* FlickrView.swift */ = {isa = PBXFileReference; lastKnownFileType = sourcecode.swift; path = FlickrView.swift; sourceTree = "<group>"; };
		10F91D1C2B64192E001B8FB1 /* Assets.xcassets */ = {isa = PBXFileReference; lastKnownFileType = folder.assetcatalog; path = Assets.xcassets; sourceTree = "<group>"; };
		10F91D1F2B64192E001B8FB1 /* Preview Assets.xcassets */ = {isa = PBXFileReference; lastKnownFileType = folder.assetcatalog; path = "Preview Assets.xcassets"; sourceTree = "<group>"; };
		10F91D252B64192F001B8FB1 /* TestSearchTests.xctest */ = {isa = PBXFileReference; explicitFileType = wrapper.cfbundle; includeInIndex = 0; path = TestSearchTests.xctest; sourceTree = BUILT_PRODUCTS_DIR; };
		10F91D292B64192F001B8FB1 /* TestSearchTests.swift */ = {isa = PBXFileReference; lastKnownFileType = sourcecode.swift; path = TestSearchTests.swift; sourceTree = "<group>"; };
		10F91D2F2B64192F001B8FB1 /* TestSearchUITests.xctest */ = {isa = PBXFileReference; explicitFileType = wrapper.cfbundle; includeInIndex = 0; path = TestSearchUITests.xctest; sourceTree = BUILT_PRODUCTS_DIR; };
		10F91D332B64192F001B8FB1 /* TestSearchUITests.swift */ = {isa = PBXFileReference; lastKnownFileType = sourcecode.swift; path = TestSearchUITests.swift; sourceTree = "<group>"; };
		10F91D352B64192F001B8FB1 /* TestSearchUITestsLaunchTests.swift */ = {isa = PBXFileReference; lastKnownFileType = sourcecode.swift; path = TestSearchUITestsLaunchTests.swift; sourceTree = "<group>"; };
		10F91D442B6419B3001B8FB1 /* FlickrModel.swift */ = {isa = PBXFileReference; lastKnownFileType = sourcecode.swift; path = FlickrModel.swift; sourceTree = "<group>"; };
		10F91D472B641A2A001B8FB1 /* FlickrViewModel.swift */ = {isa = PBXFileReference; lastKnownFileType = sourcecode.swift; path = FlickrViewModel.swift; sourceTree = "<group>"; };
		10F91D4A2B641E1E001B8FB1 /* DataProvider.swift */ = {isa = PBXFileReference; lastKnownFileType = sourcecode.swift; path = DataProvider.swift; sourceTree = "<group>"; };
		10F91D4D2B6429D4001B8FB1 /* ImageCache.swift */ = {isa = PBXFileReference; lastKnownFileType = sourcecode.swift; path = ImageCache.swift; sourceTree = "<group>"; };
		10F91D502B643DFD001B8FB1 /* Enviroments.swift */ = {isa = PBXFileReference; lastKnownFileType = sourcecode.swift; path = Enviroments.swift; sourceTree = "<group>"; };
/* End PBXFileReference section */

/* Begin PBXFrameworksBuildPhase section */
		10F91D122B64192C001B8FB1 /* Frameworks */ = {
			isa = PBXFrameworksBuildPhase;
			buildActionMask = 2147483647;
			files = (
			);
			runOnlyForDeploymentPostprocessing = 0;
		};
		10F91D222B64192F001B8FB1 /* Frameworks */ = {
			isa = PBXFrameworksBuildPhase;
			buildActionMask = 2147483647;
			files = (
			);
			runOnlyForDeploymentPostprocessing = 0;
		};
		10F91D2C2B64192F001B8FB1 /* Frameworks */ = {
			isa = PBXFrameworksBuildPhase;
			buildActionMask = 2147483647;
			files = (
			);
			runOnlyForDeploymentPostprocessing = 0;
		};
/* End PBXFrameworksBuildPhase section */

/* Begin PBXGroup section */
		10F91D0C2B64192C001B8FB1 = {
			isa = PBXGroup;
			children = (
				10F91D172B64192C001B8FB1 /* TestSearch */,
				10F91D282B64192F001B8FB1 /* TestSearchTests */,
				10F91D322B64192F001B8FB1 /* TestSearchUITests */,
				10F91D162B64192C001B8FB1 /* Products */,
			);
			sourceTree = "<group>";
		};
		10F91D162B64192C001B8FB1 /* Products */ = {
			isa = PBXGroup;
			children = (
				10F91D152B64192C001B8FB1 /* TestSearch.app */,
				10F91D252B64192F001B8FB1 /* TestSearchTests.xctest */,
				10F91D2F2B64192F001B8FB1 /* TestSearchUITests.xctest */,
			);
			name = Products;
			sourceTree = "<group>";
		};
		10F91D172B64192C001B8FB1 /* TestSearch */ = {
			isa = PBXGroup;
			children = (
				10F91D4F2B642FEE001B8FB1 /* DataProvider */,
				10F91D4C2B6429C5001B8FB1 /* Utils */,
				10F91D422B64197D001B8FB1 /* SearcherModule */,
				10F91D182B64192C001B8FB1 /* TestSearchApp.swift */,
				10F91D1C2B64192E001B8FB1 /* Assets.xcassets */,
				10F91D1E2B64192E001B8FB1 /* Preview Content */,
			);
			path = TestSearch;
			sourceTree = "<group>";
		};
		10F91D1E2B64192E001B8FB1 /* Preview Content */ = {
			isa = PBXGroup;
			children = (
				10F91D1F2B64192E001B8FB1 /* Preview Assets.xcassets */,
			);
			path = "Preview Content";
			sourceTree = "<group>";
		};
		10F91D282B64192F001B8FB1 /* TestSearchTests */ = {
			isa = PBXGroup;
			children = (
				10F91D292B64192F001B8FB1 /* TestSearchTests.swift */,
			);
			path = TestSearchTests;
			sourceTree = "<group>";
		};
		10F91D322B64192F001B8FB1 /* TestSearchUITests */ = {
			isa = PBXGroup;
			children = (
				10F91D332B64192F001B8FB1 /* TestSearchUITests.swift */,
				10F91D352B64192F001B8FB1 /* TestSearchUITestsLaunchTests.swift */,
			);
			path = TestSearchUITests;
			sourceTree = "<group>";
		};
		10F91D422B64197D001B8FB1 /* SearcherModule */ = {
			isa = PBXGroup;
			children = (
				10F91D492B641AFA001B8FB1 /* View */,
				10F91D462B641A14001B8FB1 /* ViewModel */,
				10F91D432B64198C001B8FB1 /* Model */,
			);
			path = SearcherModule;
			sourceTree = "<group>";
		};
		10F91D432B64198C001B8FB1 /* Model */ = {
			isa = PBXGroup;
			children = (
				10F91D442B6419B3001B8FB1 /* FlickrModel.swift */,
			);
			path = Model;
			sourceTree = "<group>";
		};
		10F91D462B641A14001B8FB1 /* ViewModel */ = {
			isa = PBXGroup;
			children = (
				10F91D472B641A2A001B8FB1 /* FlickrViewModel.swift */,
			);
			path = ViewModel;
			sourceTree = "<group>";
		};
		10F91D492B641AFA001B8FB1 /* View */ = {
			isa = PBXGroup;
			children = (
				10F91D1A2B64192C001B8FB1 /* FlickrView.swift */,
			);
			path = View;
			sourceTree = "<group>";
		};
		10F91D4C2B6429C5001B8FB1 /* Utils */ = {
			isa = PBXGroup;
			children = (
				10F91D4D2B6429D4001B8FB1 /* ImageCache.swift */,
				10F91D502B643DFD001B8FB1 /* Enviroments.swift */,
			);
			path = Utils;
			sourceTree = "<group>";
		};
		10F91D4F2B642FEE001B8FB1 /* DataProvider */ = {
			isa = PBXGroup;
			children = (
				10F91D4A2B641E1E001B8FB1 /* DataProvider.swift */,
			);
			path = DataProvider;
			sourceTree = "<group>";
		};
/* End PBXGroup section */

/* Begin PBXNativeTarget section */
		10F91D142B64192C001B8FB1 /* TestSearch */ = {
			isa = PBXNativeTarget;
			buildConfigurationList = 10F91D392B64192F001B8FB1 /* Build configuration list for PBXNativeTarget "TestSearch" */;
			buildPhases = (
				10F91D112B64192C001B8FB1 /* Sources */,
				10F91D122B64192C001B8FB1 /* Frameworks */,
				10F91D132B64192C001B8FB1 /* Resources */,
			);
			buildRules = (
			);
			dependencies = (
			);
			name = TestSearch;
			productName = TestSearch;
			productReference = 10F91D152B64192C001B8FB1 /* TestSearch.app */;
			productType = "com.apple.product-type.application";
		};
		10F91D242B64192F001B8FB1 /* TestSearchTests */ = {
			isa = PBXNativeTarget;
			buildConfigurationList = 10F91D3C2B64192F001B8FB1 /* Build configuration list for PBXNativeTarget "TestSearchTests" */;
			buildPhases = (
				10F91D212B64192F001B8FB1 /* Sources */,
				10F91D222B64192F001B8FB1 /* Frameworks */,
				10F91D232B64192F001B8FB1 /* Resources */,
			);
			buildRules = (
			);
			dependencies = (
				10F91D272B64192F001B8FB1 /* PBXTargetDependency */,
			);
			name = TestSearchTests;
			productName = TestSearchTests;
			productReference = 10F91D252B64192F001B8FB1 /* TestSearchTests.xctest */;
			productType = "com.apple.product-type.bundle.unit-test";
		};
		10F91D2E2B64192F001B8FB1 /* TestSearchUITests */ = {
			isa = PBXNativeTarget;
			buildConfigurationList = 10F91D3F2B64192F001B8FB1 /* Build configuration list for PBXNativeTarget "TestSearchUITests" */;
			buildPhases = (
				10F91D2B2B64192F001B8FB1 /* Sources */,
				10F91D2C2B64192F001B8FB1 /* Frameworks */,
				10F91D2D2B64192F001B8FB1 /* Resources */,
			);
			buildRules = (
			);
			dependencies = (
				10F91D312B64192F001B8FB1 /* PBXTargetDependency */,
			);
			name = TestSearchUITests;
			productName = TestSearchUITests;
			productReference = 10F91D2F2B64192F001B8FB1 /* TestSearchUITests.xctest */;
			productType = "com.apple.product-type.bundle.ui-testing";
		};
/* End PBXNativeTarget section */

/* Begin PBXProject section */
		10F91D0D2B64192C001B8FB1 /* Project object */ = {
			isa = PBXProject;
			attributes = {
				BuildIndependentTargetsInParallel = 1;
				LastSwiftUpdateCheck = 1500;
				LastUpgradeCheck = 1500;
				TargetAttributes = {
					10F91D142B64192C001B8FB1 = {
						CreatedOnToolsVersion = 15.0.1;
					};
					10F91D242B64192F001B8FB1 = {
						CreatedOnToolsVersion = 15.0.1;
						TestTargetID = 10F91D142B64192C001B8FB1;
					};
					10F91D2E2B64192F001B8FB1 = {
						CreatedOnToolsVersion = 15.0.1;
						TestTargetID = 10F91D142B64192C001B8FB1;
					};
				};
			};
			buildConfigurationList = 10F91D102B64192C001B8FB1 /* Build configuration list for PBXProject "TestSearch" */;
			compatibilityVersion = "Xcode 14.0";
			developmentRegion = en;
			hasScannedForEncodings = 0;
			knownRegions = (
				en,
				Base,
			);
			mainGroup = 10F91D0C2B64192C001B8FB1;
			productRefGroup = 10F91D162B64192C001B8FB1 /* Products */;
			projectDirPath = "";
			projectRoot = "";
			targets = (
				10F91D142B64192C001B8FB1 /* TestSearch */,
				10F91D242B64192F001B8FB1 /* TestSearchTests */,
				10F91D2E2B64192F001B8FB1 /* TestSearchUITests */,
			);
		};
/* End PBXProject section */

/* Begin PBXResourcesBuildPhase section */
		10F91D132B64192C001B8FB1 /* Resources */ = {
			isa = PBXResourcesBuildPhase;
			buildActionMask = 2147483647;
			files = (
				10F91D202B64192E001B8FB1 /* Preview Assets.xcassets in Resources */,
				10F91D1D2B64192E001B8FB1 /* Assets.xcassets in Resources */,
			);
			runOnlyForDeploymentPostprocessing = 0;
		};
		10F91D232B64192F001B8FB1 /* Resources */ = {
			isa = PBXResourcesBuildPhase;
			buildActionMask = 2147483647;
			files = (
			);
			runOnlyForDeploymentPostprocessing = 0;
		};
		10F91D2D2B64192F001B8FB1 /* Resources */ = {
			isa = PBXResourcesBuildPhase;
			buildActionMask = 2147483647;
			files = (
			);
			runOnlyForDeploymentPostprocessing = 0;
		};
/* End PBXResourcesBuildPhase section */

/* Begin PBXSourcesBuildPhase section */
		10F91D112B64192C001B8FB1 /* Sources */ = {
			isa = PBXSourcesBuildPhase;
			buildActionMask = 2147483647;
			files = (
				10F91D4E2B6429D4001B8FB1 /* ImageCache.swift in Sources */,
				10F91D452B6419B4001B8FB1 /* FlickrModel.swift in Sources */,
				10F91D512B643DFD001B8FB1 /* Enviroments.swift in Sources */,
				10F91D1B2B64192C001B8FB1 /* FlickrView.swift in Sources */,
				10F91D4B2B641E1E001B8FB1 /* DataProvider.swift in Sources */,
				10F91D192B64192C001B8FB1 /* TestSearchApp.swift in Sources */,
				10F91D482B641A2A001B8FB1 /* FlickrViewModel.swift in Sources */,
			);
			runOnlyForDeploymentPostprocessing = 0;
		};
		10F91D212B64192F001B8FB1 /* Sources */ = {
			isa = PBXSourcesBuildPhase;
			buildActionMask = 2147483647;
			files = (
				10F91D2A2B64192F001B8FB1 /* TestSearchTests.swift in Sources */,
			);
			runOnlyForDeploymentPostprocessing = 0;
		};
		10F91D2B2B64192F001B8FB1 /* Sources */ = {
			isa = PBXSourcesBuildPhase;
			buildActionMask = 2147483647;
			files = (
				10F91D362B64192F001B8FB1 /* TestSearchUITestsLaunchTests.swift in Sources */,
				10F91D342B64192F001B8FB1 /* TestSearchUITests.swift in Sources */,
			);
			runOnlyForDeploymentPostprocessing = 0;
		};
/* End PBXSourcesBuildPhase section */

/* Begin PBXTargetDependency section */
		10F91D272B64192F001B8FB1 /* PBXTargetDependency */ = {
			isa = PBXTargetDependency;
			target = 10F91D142B64192C001B8FB1 /* TestSearch */;
			targetProxy = 10F91D262B64192F001B8FB1 /* PBXContainerItemProxy */;
		};
		10F91D312B64192F001B8FB1 /* PBXTargetDependency */ = {
			isa = PBXTargetDependency;
			target = 10F91D142B64192C001B8FB1 /* TestSearch */;
			targetProxy = 10F91D302B64192F001B8FB1 /* PBXContainerItemProxy */;
		};
/* End PBXTargetDependency section */

/* Begin XCBuildConfiguration section */
		10F91D372B64192F001B8FB1 /* Debug */ = {
			isa = XCBuildConfiguration;
			buildSettings = {
				ALWAYS_SEARCH_USER_PATHS = NO;
				ASSETCATALOG_COMPILER_GENERATE_SWIFT_ASSET_SYMBOL_EXTENSIONS = YES;
				CLANG_ANALYZER_NONNULL = YES;
				CLANG_ANALYZER_NUMBER_OBJECT_CONVERSION = YES_AGGRESSIVE;
				CLANG_CXX_LANGUAGE_STANDARD = "gnu++20";
				CLANG_ENABLE_MODULES = YES;
				CLANG_ENABLE_OBJC_ARC = YES;
				CLANG_ENABLE_OBJC_WEAK = YES;
				CLANG_WARN_BLOCK_CAPTURE_AUTORELEASING = YES;
				CLANG_WARN_BOOL_CONVERSION = YES;
				CLANG_WARN_COMMA = YES;
				CLANG_WARN_CONSTANT_CONVERSION = YES;
				CLANG_WARN_DEPRECATED_OBJC_IMPLEMENTATIONS = YES;
				CLANG_WARN_DIRECT_OBJC_ISA_USAGE = YES_ERROR;
				CLANG_WARN_DOCUMENTATION_COMMENTS = YES;
				CLANG_WARN_EMPTY_BODY = YES;
				CLANG_WARN_ENUM_CONVERSION = YES;
				CLANG_WARN_INFINITE_RECURSION = YES;
				CLANG_WARN_INT_CONVERSION = YES;
				CLANG_WARN_NON_LITERAL_NULL_CONVERSION = YES;
				CLANG_WARN_OBJC_IMPLICIT_RETAIN_SELF = YES;
				CLANG_WARN_OBJC_LITERAL_CONVERSION = YES;
				CLANG_WARN_OBJC_ROOT_CLASS = YES_ERROR;
				CLANG_WARN_QUOTED_INCLUDE_IN_FRAMEWORK_HEADER = YES;
				CLANG_WARN_RANGE_LOOP_ANALYSIS = YES;
				CLANG_WARN_STRICT_PROTOTYPES = YES;
				CLANG_WARN_SUSPICIOUS_MOVE = YES;
				CLANG_WARN_UNGUARDED_AVAILABILITY = YES_AGGRESSIVE;
				CLANG_WARN_UNREACHABLE_CODE = YES;
				CLANG_WARN__DUPLICATE_METHOD_MATCH = YES;
				COPY_PHASE_STRIP = NO;
				DEBUG_INFORMATION_FORMAT = dwarf;
				ENABLE_STRICT_OBJC_MSGSEND = YES;
				ENABLE_TESTABILITY = YES;
				ENABLE_USER_SCRIPT_SANDBOXING = YES;
				GCC_C_LANGUAGE_STANDARD = gnu17;
				GCC_DYNAMIC_NO_PIC = NO;
				GCC_NO_COMMON_BLOCKS = YES;
				GCC_OPTIMIZATION_LEVEL = 0;
				GCC_PREPROCESSOR_DEFINITIONS = (
					"DEBUG=1",
					"$(inherited)",
				);
				GCC_WARN_64_TO_32_BIT_CONVERSION = YES;
				GCC_WARN_ABOUT_RETURN_TYPE = YES_ERROR;
				GCC_WARN_UNDECLARED_SELECTOR = YES;
				GCC_WARN_UNINITIALIZED_AUTOS = YES_AGGRESSIVE;
				GCC_WARN_UNUSED_FUNCTION = YES;
				GCC_WARN_UNUSED_VARIABLE = YES;
				IPHONEOS_DEPLOYMENT_TARGET = 17.0;
				LOCALIZATION_PREFERS_STRING_CATALOGS = YES;
				MTL_ENABLE_DEBUG_INFO = INCLUDE_SOURCE;
				MTL_FAST_MATH = YES;
				ONLY_ACTIVE_ARCH = YES;
				SDKROOT = iphoneos;
				SWIFT_ACTIVE_COMPILATION_CONDITIONS = "DEBUG $(inherited)";
				SWIFT_OPTIMIZATION_LEVEL = "-Onone";
			};
			name = Debug;
		};
		10F91D382B64192F001B8FB1 /* Release */ = {
			isa = XCBuildConfiguration;
			buildSettings = {
				ALWAYS_SEARCH_USER_PATHS = NO;
				ASSETCATALOG_COMPILER_GENERATE_SWIFT_ASSET_SYMBOL_EXTENSIONS = YES;
				CLANG_ANALYZER_NONNULL = YES;
				CLANG_ANALYZER_NUMBER_OBJECT_CONVERSION = YES_AGGRESSIVE;
				CLANG_CXX_LANGUAGE_STANDARD = "gnu++20";
				CLANG_ENABLE_MODULES = YES;
				CLANG_ENABLE_OBJC_ARC = YES;
				CLANG_ENABLE_OBJC_WEAK = YES;
				CLANG_WARN_BLOCK_CAPTURE_AUTORELEASING = YES;
				CLANG_WARN_BOOL_CONVERSION = YES;
				CLANG_WARN_COMMA = YES;
				CLANG_WARN_CONSTANT_CONVERSION = YES;
				CLANG_WARN_DEPRECATED_OBJC_IMPLEMENTATIONS = YES;
				CLANG_WARN_DIRECT_OBJC_ISA_USAGE = YES_ERROR;
				CLANG_WARN_DOCUMENTATION_COMMENTS = YES;
				CLANG_WARN_EMPTY_BODY = YES;
				CLANG_WARN_ENUM_CONVERSION = YES;
				CLANG_WARN_INFINITE_RECURSION = YES;
				CLANG_WARN_INT_CONVERSION = YES;
				CLANG_WARN_NON_LITERAL_NULL_CONVERSION = YES;
				CLANG_WARN_OBJC_IMPLICIT_RETAIN_SELF = YES;
				CLANG_WARN_OBJC_LITERAL_CONVERSION = YES;
				CLANG_WARN_OBJC_ROOT_CLASS = YES_ERROR;
				CLANG_WARN_QUOTED_INCLUDE_IN_FRAMEWORK_HEADER = YES;
				CLANG_WARN_RANGE_LOOP_ANALYSIS = YES;
				CLANG_WARN_STRICT_PROTOTYPES = YES;
				CLANG_WARN_SUSPICIOUS_MOVE = YES;
				CLANG_WARN_UNGUARDED_AVAILABILITY = YES_AGGRESSIVE;
				CLANG_WARN_UNREACHABLE_CODE = YES;
				CLANG_WARN__DUPLICATE_METHOD_MATCH = YES;
				COPY_PHASE_STRIP = NO;
				DEBUG_INFORMATION_FORMAT = "dwarf-with-dsym";
				ENABLE_NS_ASSERTIONS = NO;
				ENABLE_STRICT_OBJC_MSGSEND = YES;
				ENABLE_USER_SCRIPT_SANDBOXING = YES;
				GCC_C_LANGUAGE_STANDARD = gnu17;
				GCC_NO_COMMON_BLOCKS = YES;
				GCC_WARN_64_TO_32_BIT_CONVERSION = YES;
				GCC_WARN_ABOUT_RETURN_TYPE = YES_ERROR;
				GCC_WARN_UNDECLARED_SELECTOR = YES;
				GCC_WARN_UNINITIALIZED_AUTOS = YES_AGGRESSIVE;
				GCC_WARN_UNUSED_FUNCTION = YES;
				GCC_WARN_UNUSED_VARIABLE = YES;
				IPHONEOS_DEPLOYMENT_TARGET = 17.0;
				LOCALIZATION_PREFERS_STRING_CATALOGS = YES;
				MTL_ENABLE_DEBUG_INFO = NO;
				MTL_FAST_MATH = YES;
				SDKROOT = iphoneos;
				SWIFT_COMPILATION_MODE = wholemodule;
				VALIDATE_PRODUCT = YES;
			};
			name = Release;
		};
		10F91D3A2B64192F001B8FB1 /* Debug */ = {
			isa = XCBuildConfiguration;
			buildSettings = {
				ASSETCATALOG_COMPILER_APPICON_NAME = AppIcon;
				ASSETCATALOG_COMPILER_GLOBAL_ACCENT_COLOR_NAME = AccentColor;
				CODE_SIGN_STYLE = Automatic;
				CURRENT_PROJECT_VERSION = 1;
				DEVELOPMENT_ASSET_PATHS = "\"TestSearch/Preview Content\"";
				DEVELOPMENT_TEAM = JKXK48Q872;
				ENABLE_PREVIEWS = YES;
				GENERATE_INFOPLIST_FILE = YES;
				INFOPLIST_KEY_UIApplicationSceneManifest_Generation = YES;
				INFOPLIST_KEY_UIApplicationSupportsIndirectInputEvents = YES;
				INFOPLIST_KEY_UILaunchScreen_Generation = YES;
				INFOPLIST_KEY_UISupportedInterfaceOrientations_iPad = "UIInterfaceOrientationPortrait UIInterfaceOrientationPortraitUpsideDown UIInterfaceOrientationLandscapeLeft UIInterfaceOrientationLandscapeRight";
				INFOPLIST_KEY_UISupportedInterfaceOrientations_iPhone = "UIInterfaceOrientationPortrait UIInterfaceOrientationLandscapeLeft UIInterfaceOrientationLandscapeRight";
				LD_RUNPATH_SEARCH_PATHS = (
					"$(inherited)",
					"@executable_path/Frameworks",
				);
				MARKETING_VERSION = 1.0;
				PRODUCT_BUNDLE_IDENTIFIER = ulises.TestSearch;
				PRODUCT_NAME = "$(TARGET_NAME)";
				SWIFT_EMIT_LOC_STRINGS = YES;
				SWIFT_VERSION = 5.0;
				TARGETED_DEVICE_FAMILY = "1,2";
			};
			name = Debug;
		};
		10F91D3B2B64192F001B8FB1 /* Release */ = {
			isa = XCBuildConfiguration;
			buildSettings = {
				ASSETCATALOG_COMPILER_APPICON_NAME = AppIcon;
				ASSETCATALOG_COMPILER_GLOBAL_ACCENT_COLOR_NAME = AccentColor;
				CODE_SIGN_STYLE = Automatic;
				CURRENT_PROJECT_VERSION = 1;
				DEVELOPMENT_ASSET_PATHS = "\"TestSearch/Preview Content\"";
				DEVELOPMENT_TEAM = JKXK48Q872;
				ENABLE_PREVIEWS = YES;
				GENERATE_INFOPLIST_FILE = YES;
				INFOPLIST_KEY_UIApplicationSceneManifest_Generation = YES;
				INFOPLIST_KEY_UIApplicationSupportsIndirectInputEvents = YES;
				INFOPLIST_KEY_UILaunchScreen_Generation = YES;
				INFOPLIST_KEY_UISupportedInterfaceOrientations_iPad = "UIInterfaceOrientationPortrait UIInterfaceOrientationPortraitUpsideDown UIInterfaceOrientationLandscapeLeft UIInterfaceOrientationLandscapeRight";
				INFOPLIST_KEY_UISupportedInterfaceOrientations_iPhone = "UIInterfaceOrientationPortrait UIInterfaceOrientationLandscapeLeft UIInterfaceOrientationLandscapeRight";
				LD_RUNPATH_SEARCH_PATHS = (
					"$(inherited)",
					"@executable_path/Frameworks",
				);
				MARKETING_VERSION = 1.0;
				PRODUCT_BUNDLE_IDENTIFIER = ulises.TestSearch;
				PRODUCT_NAME = "$(TARGET_NAME)";
				SWIFT_EMIT_LOC_STRINGS = YES;
				SWIFT_VERSION = 5.0;
				TARGETED_DEVICE_FAMILY = "1,2";
			};
			name = Release;
		};
		10F91D3D2B64192F001B8FB1 /* Debug */ = {
			isa = XCBuildConfiguration;
			buildSettings = {
				ALWAYS_EMBED_SWIFT_STANDARD_LIBRARIES = YES;
				BUNDLE_LOADER = "$(TEST_HOST)";
				CODE_SIGN_STYLE = Automatic;
				CURRENT_PROJECT_VERSION = 1;
				DEVELOPMENT_TEAM = JKXK48Q872;
				GENERATE_INFOPLIST_FILE = YES;
				IPHONEOS_DEPLOYMENT_TARGET = 17.0;
				MARKETING_VERSION = 1.0;
				PRODUCT_BUNDLE_IDENTIFIER = ulises.TestSearchTests;
				PRODUCT_NAME = "$(TARGET_NAME)";
				SWIFT_EMIT_LOC_STRINGS = NO;
				SWIFT_VERSION = 5.0;
				TARGETED_DEVICE_FAMILY = "1,2";
				TEST_HOST = "$(BUILT_PRODUCTS_DIR)/TestSearch.app/$(BUNDLE_EXECUTABLE_FOLDER_PATH)/TestSearch";
			};
			name = Debug;
		};
		10F91D3E2B64192F001B8FB1 /* Release */ = {
			isa = XCBuildConfiguration;
			buildSettings = {
				ALWAYS_EMBED_SWIFT_STANDARD_LIBRARIES = YES;
				BUNDLE_LOADER = "$(TEST_HOST)";
				CODE_SIGN_STYLE = Automatic;
				CURRENT_PROJECT_VERSION = 1;
				DEVELOPMENT_TEAM = JKXK48Q872;
				GENERATE_INFOPLIST_FILE = YES;
				IPHONEOS_DEPLOYMENT_TARGET = 17.0;
				MARKETING_VERSION = 1.0;
				PRODUCT_BUNDLE_IDENTIFIER = ulises.TestSearchTests;
				PRODUCT_NAME = "$(TARGET_NAME)";
				SWIFT_EMIT_LOC_STRINGS = NO;
				SWIFT_VERSION = 5.0;
				TARGETED_DEVICE_FAMILY = "1,2";
				TEST_HOST = "$(BUILT_PRODUCTS_DIR)/TestSearch.app/$(BUNDLE_EXECUTABLE_FOLDER_PATH)/TestSearch";
			};
			name = Release;
		};
		10F91D402B64192F001B8FB1 /* Debug */ = {
			isa = XCBuildConfiguration;
			buildSettings = {
				ALWAYS_EMBED_SWIFT_STANDARD_LIBRARIES = YES;
				CODE_SIGN_STYLE = Automatic;
				CURRENT_PROJECT_VERSION = 1;
				DEVELOPMENT_TEAM = JKXK48Q872;
				GENERATE_INFOPLIST_FILE = YES;
				MARKETING_VERSION = 1.0;
				PRODUCT_BUNDLE_IDENTIFIER = ulises.TestSearchUITests;
				PRODUCT_NAME = "$(TARGET_NAME)";
				SWIFT_EMIT_LOC_STRINGS = NO;
				SWIFT_VERSION = 5.0;
				TARGETED_DEVICE_FAMILY = "1,2";
				TEST_TARGET_NAME = TestSearch;
			};
			name = Debug;
		};
		10F91D412B64192F001B8FB1 /* Release */ = {
			isa = XCBuildConfiguration;
			buildSettings = {
				ALWAYS_EMBED_SWIFT_STANDARD_LIBRARIES = YES;
				CODE_SIGN_STYLE = Automatic;
				CURRENT_PROJECT_VERSION = 1;
				DEVELOPMENT_TEAM = JKXK48Q872;
				GENERATE_INFOPLIST_FILE = YES;
				MARKETING_VERSION = 1.0;
				PRODUCT_BUNDLE_IDENTIFIER = ulises.TestSearchUITests;
				PRODUCT_NAME = "$(TARGET_NAME)";
				SWIFT_EMIT_LOC_STRINGS = NO;
				SWIFT_VERSION = 5.0;
				TARGETED_DEVICE_FAMILY = "1,2";
				TEST_TARGET_NAME = TestSearch;
			};
			name = Release;
		};
/* End XCBuildConfiguration section */

/* Begin XCConfigurationList section */
		10F91D102B64192C001B8FB1 /* Build configuration list for PBXProject "TestSearch" */ = {
			isa = XCConfigurationList;
			buildConfigurations = (
				10F91D372B64192F001B8FB1 /* Debug */,
				10F91D382B64192F001B8FB1 /* Release */,
			);
			defaultConfigurationIsVisible = 0;
			defaultConfigurationName = Release;
		};
		10F91D392B64192F001B8FB1 /* Build configuration list for PBXNativeTarget "TestSearch" */ = {
			isa = XCConfigurationList;
			buildConfigurations = (
				10F91D3A2B64192F001B8FB1 /* Debug */,
				10F91D3B2B64192F001B8FB1 /* Release */,
			);
			defaultConfigurationIsVisible = 0;
			defaultConfigurationName = Release;
		};
		10F91D3C2B64192F001B8FB1 /* Build configuration list for PBXNativeTarget "TestSearchTests" */ = {
			isa = XCConfigurationList;
			buildConfigurations = (
				10F91D3D2B64192F001B8FB1 /* Debug */,
				10F91D3E2B64192F001B8FB1 /* Release */,
			);
			defaultConfigurationIsVisible = 0;
			defaultConfigurationName = Release;
		};
		10F91D3F2B64192F001B8FB1 /* Build configuration list for PBXNativeTarget "TestSearchUITests" */ = {
			isa = XCConfigurationList;
			buildConfigurations = (
				10F91D402B64192F001B8FB1 /* Debug */,
				10F91D412B64192F001B8FB1 /* Release */,
			);
			defaultConfigurationIsVisible = 0;
			defaultConfigurationName = Release;
		};
/* End XCConfigurationList section */
	};
	rootObject = 10F91D0D2B64192C001B8FB1 /* Project object */;
}
